// !$*UTF8*$!
{
	archiveVersion = 1;
	classes = {
	};
	objectVersion = 50;
	objects = {

/* Begin PBXBuildFile section */
		2821BEB025E3386F00AB8314 /* AppDelegate.swift in Sources */ = {isa = PBXBuildFile; fileRef = 2821BEAF25E3386F00AB8314 /* AppDelegate.swift */; };
		2821BEB225E3386F00AB8314 /* SceneDelegate.swift in Sources */ = {isa = PBXBuildFile; fileRef = 2821BEB125E3386F00AB8314 /* SceneDelegate.swift */; };
		2821BEB425E3386F00AB8314 /* ViewController.swift in Sources */ = {isa = PBXBuildFile; fileRef = 2821BEB325E3386F00AB8314 /* ViewController.swift */; };
		2821BEB725E3386F00AB8314 /* Main.storyboard in Resources */ = {isa = PBXBuildFile; fileRef = 2821BEB525E3386F00AB8314 /* Main.storyboard */; };
		2821BEB925E3387700AB8314 /* Assets.xcassets in Resources */ = {isa = PBXBuildFile; fileRef = 2821BEB825E3387700AB8314 /* Assets.xcassets */; };
		2821BEBC25E3387700AB8314 /* LaunchScreen.storyboard in Resources */ = {isa = PBXBuildFile; fileRef = 2821BEBA25E3387700AB8314 /* LaunchScreen.storyboard */; };
		2821BEC725E3387700AB8314 /* PreworkTests.swift in Sources */ = {isa = PBXBuildFile; fileRef = 2821BEC625E3387700AB8314 /* PreworkTests.swift */; };
		2821BED225E3387700AB8314 /* PreworkUITests.swift in Sources */ = {isa = PBXBuildFile; fileRef = 2821BED125E3387700AB8314 /* PreworkUITests.swift */; };
/* End PBXBuildFile section */

/* Begin PBXContainerItemProxy section */
		2821BEC325E3387700AB8314 /* PBXContainerItemProxy */ = {
			isa = PBXContainerItemProxy;
			containerPortal = 2821BEA425E3386E00AB8314 /* Project object */;
			proxyType = 1;
			remoteGlobalIDString = 2821BEAB25E3386F00AB8314;
			remoteInfo = Prework;
		};
		2821BECE25E3387700AB8314 /* PBXContainerItemProxy */ = {
			isa = PBXContainerItemProxy;
			containerPortal = 2821BEA425E3386E00AB8314 /* Project object */;
			proxyType = 1;
			remoteGlobalIDString = 2821BEAB25E3386F00AB8314;
			remoteInfo = Prework;
		};
/* End PBXContainerItemProxy section */

/* Begin PBXFileReference section */
		2821BEAC25E3386F00AB8314 /* Prework.app */ = {isa = PBXFileReference; explicitFileType = wrapper.application; includeInIndex = 0; path = Prework.app; sourceTree = BUILT_PRODUCTS_DIR; };
		2821BEAF25E3386F00AB8314 /* AppDelegate.swift */ = {isa = PBXFileReference; lastKnownFileType = sourcecode.swift; path = AppDelegate.swift; sourceTree = "<group>"; };
		2821BEB125E3386F00AB8314 /* SceneDelegate.swift */ = {isa = PBXFileReference; lastKnownFileType = sourcecode.swift; path = SceneDelegate.swift; sourceTree = "<group>"; };
		2821BEB325E3386F00AB8314 /* ViewController.swift */ = {isa = PBXFileReference; lastKnownFileType = sourcecode.swift; path = ViewController.swift; sourceTree = "<group>"; };
		2821BEB625E3386F00AB8314 /* Base */ = {isa = PBXFileReference; lastKnownFileType = file.storyboard; name = Base; path = Base.lproj/Main.storyboard; sourceTree = "<group>"; };
		2821BEB825E3387700AB8314 /* Assets.xcassets */ = {isa = PBXFileReference; lastKnownFileType = folder.assetcatalog; path = Assets.xcassets; sourceTree = "<group>"; };
		2821BEBB25E3387700AB8314 /* Base */ = {isa = PBXFileReference; lastKnownFileType = file.storyboard; name = Base; path = Base.lproj/LaunchScreen.storyboard; sourceTree = "<group>"; };
		2821BEBD25E3387700AB8314 /* Info.plist */ = {isa = PBXFileReference; lastKnownFileType = text.plist.xml; path = Info.plist; sourceTree = "<group>"; };
		2821BEC225E3387700AB8314 /* PreworkTests.xctest */ = {isa = PBXFileReference; explicitFileType = wrapper.cfbundle; includeInIndex = 0; path = PreworkTests.xctest; sourceTree = BUILT_PRODUCTS_DIR; };
		2821BEC625E3387700AB8314 /* PreworkTests.swift */ = {isa = PBXFileReference; lastKnownFileType = sourcecode.swift; path = PreworkTests.swift; sourceTree = "<group>"; };
		2821BEC825E3387700AB8314 /* Info.plist */ = {isa = PBXFileReference; lastKnownFileType = text.plist.xml; path = Info.plist; sourceTree = "<group>"; };
		2821BECD25E3387700AB8314 /* PreworkUITests.xctest */ = {isa = PBXFileReference; explicitFileType = wrapper.cfbundle; includeInIndex = 0; path = PreworkUITests.xctest; sourceTree = BUILT_PRODUCTS_DIR; };
		2821BED125E3387700AB8314 /* PreworkUITests.swift */ = {isa = PBXFileReference; lastKnownFileType = sourcecode.swift; path = PreworkUITests.swift; sourceTree = "<group>"; };
		2821BED325E3387700AB8314 /* Info.plist */ = {isa = PBXFileReference; lastKnownFileType = text.plist.xml; path = Info.plist; sourceTree = "<group>"; };
/* End PBXFileReference section */

/* Begin PBXFrameworksBuildPhase section */
		2821BEA925E3386F00AB8314 /* Frameworks */ = {
			isa = PBXFrameworksBuildPhase;
			buildActionMask = 2147483647;
			files = (
			);
			runOnlyForDeploymentPostprocessing = 0;
		};
		2821BEBF25E3387700AB8314 /* Frameworks */ = {
			isa = PBXFrameworksBuildPhase;
			buildActionMask = 2147483647;
			files = (
			);
			runOnlyForDeploymentPostprocessing = 0;
		};
		2821BECA25E3387700AB8314 /* Frameworks */ = {
			isa = PBXFrameworksBuildPhase;
			buildActionMask = 2147483647;
			files = (
			);
			runOnlyForDeploymentPostprocessing = 0;
		};
/* End PBXFrameworksBuildPhase section */

/* Begin PBXGroup section */
		2821BEA325E3386E00AB8314 = {
			isa = PBXGroup;
			children = (
				2821BEAE25E3386F00AB8314 /* Prework */,
				2821BEC525E3387700AB8314 /* PreworkTests */,
				2821BED025E3387700AB8314 /* PreworkUITests */,
				2821BEAD25E3386F00AB8314 /* Products */,
			);
			sourceTree = "<group>";
		};
		2821BEAD25E3386F00AB8314 /* Products */ = {
			isa = PBXGroup;
			children = (
				2821BEAC25E3386F00AB8314 /* Prework.app */,
				2821BEC225E3387700AB8314 /* PreworkTests.xctest */,
				2821BECD25E3387700AB8314 /* PreworkUITests.xctest */,
			);
			name = Products;
			sourceTree = "<group>";
		};
		2821BEAE25E3386F00AB8314 /* Prework */ = {
			isa = PBXGroup;
			children = (
				2821BEAF25E3386F00AB8314 /* AppDelegate.swift */,
				2821BEB125E3386F00AB8314 /* SceneDelegate.swift */,
				2821BEB325E3386F00AB8314 /* ViewController.swift */,
				2821BEB525E3386F00AB8314 /* Main.storyboard */,
				2821BEB825E3387700AB8314 /* Assets.xcassets */,
				2821BEBA25E3387700AB8314 /* LaunchScreen.storyboard */,
				2821BEBD25E3387700AB8314 /* Info.plist */,
			);
			path = Prework;
			sourceTree = "<group>";
		};
		2821BEC525E3387700AB8314 /* PreworkTests */ = {
			isa = PBXGroup;
			children = (
				2821BEC625E3387700AB8314 /* PreworkTests.swift */,
				2821BEC825E3387700AB8314 /* Info.plist */,
			);
			path = PreworkTests;
			sourceTree = "<group>";
		};
		2821BED025E3387700AB8314 /* PreworkUITests */ = {
			isa = PBXGroup;
			children = (
				2821BED125E3387700AB8314 /* PreworkUITests.swift */,
				2821BED325E3387700AB8314 /* Info.plist */,
			);
			path = PreworkUITests;
			sourceTree = "<group>";
		};
/* End PBXGroup section */

/* Begin PBXNativeTarget section */
		2821BEAB25E3386F00AB8314 /* Prework */ = {
			isa = PBXNativeTarget;
			buildConfigurationList = 2821BED625E3387700AB8314 /* Build configuration list for PBXNativeTarget "Prework" */;
			buildPhases = (
				2821BEA825E3386F00AB8314 /* Sources */,
				2821BEA925E3386F00AB8314 /* Frameworks */,
				2821BEAA25E3386F00AB8314 /* Resources */,
			);
			buildRules = (
			);
			dependencies = (
			);
			name = Prework;
			productName = Prework;
			productReference = 2821BEAC25E3386F00AB8314 /* Prework.app */;
			productType = "com.apple.product-type.application";
		};
		2821BEC125E3387700AB8314 /* PreworkTests */ = {
			isa = PBXNativeTarget;
			buildConfigurationList = 2821BED925E3387700AB8314 /* Build configuration list for PBXNativeTarget "PreworkTests" */;
			buildPhases = (
				2821BEBE25E3387700AB8314 /* Sources */,
				2821BEBF25E3387700AB8314 /* Frameworks */,
				2821BEC025E3387700AB8314 /* Resources */,
			);
			buildRules = (
			);
			dependencies = (
				2821BEC425E3387700AB8314 /* PBXTargetDependency */,
			);
			name = PreworkTests;
			productName = PreworkTests;
			productReference = 2821BEC225E3387700AB8314 /* PreworkTests.xctest */;
			productType = "com.apple.product-type.bundle.unit-test";
		};
		2821BECC25E3387700AB8314 /* PreworkUITests */ = {
			isa = PBXNativeTarget;
			buildConfigurationList = 2821BEDC25E3387700AB8314 /* Build configuration list for PBXNativeTarget "PreworkUITests" */;
			buildPhases = (
				2821BEC925E3387700AB8314 /* Sources */,
				2821BECA25E3387700AB8314 /* Frameworks */,
				2821BECB25E3387700AB8314 /* Resources */,
			);
			buildRules = (
			);
			dependencies = (
				2821BECF25E3387700AB8314 /* PBXTargetDependency */,
			);
			name = PreworkUITests;
			productName = PreworkUITests;
			productReference = 2821BECD25E3387700AB8314 /* PreworkUITests.xctest */;
			productType = "com.apple.product-type.bundle.ui-testing";
		};
/* End PBXNativeTarget section */

/* Begin PBXProject section */
		2821BEA425E3386E00AB8314 /* Project object */ = {
			isa = PBXProject;
			attributes = {
				LastSwiftUpdateCheck = 1230;
				LastUpgradeCheck = 1230;
				TargetAttributes = {
					2821BEAB25E3386F00AB8314 = {
						CreatedOnToolsVersion = 12.3;
					};
					2821BEC125E3387700AB8314 = {
						CreatedOnToolsVersion = 12.3;
						TestTargetID = 2821BEAB25E3386F00AB8314;
					};
					2821BECC25E3387700AB8314 = {
						CreatedOnToolsVersion = 12.3;
						TestTargetID = 2821BEAB25E3386F00AB8314;
					};
				};
			};
			buildConfigurationList = 2821BEA725E3386E00AB8314 /* Build configuration list for PBXProject "Prework" */;
			compatibilityVersion = "Xcode 9.3";
			developmentRegion = en;
			hasScannedForEncodings = 0;
			knownRegions = (
				en,
				Base,
			);
			mainGroup = 2821BEA325E3386E00AB8314;
			productRefGroup = 2821BEAD25E3386F00AB8314 /* Products */;
			projectDirPath = "";
			projectRoot = "";
			targets = (
				2821BEAB25E3386F00AB8314 /* Prework */,
				2821BEC125E3387700AB8314 /* PreworkTests */,
				2821BECC25E3387700AB8314 /* PreworkUITests */,
			);
		};
/* End PBXProject section */

/* Begin PBXResourcesBuildPhase section */
		2821BEAA25E3386F00AB8314 /* Resources */ = {
			isa = PBXResourcesBuildPhase;
			buildActionMask = 2147483647;
			files = (
				2821BEBC25E3387700AB8314 /* LaunchScreen.storyboard in Resources */,
				2821BEB925E3387700AB8314 /* Assets.xcassets in Resources */,
				2821BEB725E3386F00AB8314 /* Main.storyboard in Resources */,
			);
			runOnlyForDeploymentPostprocessing = 0;
		};
		2821BEC025E3387700AB8314 /* Resources */ = {
			isa = PBXResourcesBuildPhase;
			buildActionMask = 2147483647;
			files = (
			);
			runOnlyForDeploymentPostprocessing = 0;
		};
		2821BECB25E3387700AB8314 /* Resources */ = {
			isa = PBXResourcesBuildPhase;
			buildActionMask = 2147483647;
			files = (
			);
			runOnlyForDeploymentPostprocessing = 0;
		};
/* End PBXResourcesBuildPhase section */

/* Begin PBXSourcesBuildPhase section */
		2821BEA825E3386F00AB8314 /* Sources */ = {
			isa = PBXSourcesBuildPhase;
			buildActionMask = 2147483647;
			files = (
				2821BEB425E3386F00AB8314 /* ViewController.swift in Sources */,
				2821BEB025E3386F00AB8314 /* AppDelegate.swift in Sources */,
				2821BEB225E3386F00AB8314 /* SceneDelegate.swift in Sources */,
			);
			runOnlyForDeploymentPostprocessing = 0;
		};
		2821BEBE25E3387700AB8314 /* Sources */ = {
			isa = PBXSourcesBuildPhase;
			buildActionMask = 2147483647;
			files = (
				2821BEC725E3387700AB8314 /* PreworkTests.swift in Sources */,
			);
			runOnlyForDeploymentPostprocessing = 0;
		};
		2821BEC925E3387700AB8314 /* Sources */ = {
			isa = PBXSourcesBuildPhase;
			buildActionMask = 2147483647;
			files = (
				2821BED225E3387700AB8314 /* PreworkUITests.swift in Sources */,
			);
			runOnlyForDeploymentPostprocessing = 0;
		};
/* End PBXSourcesBuildPhase section */

/* Begin PBXTargetDependency section */
		2821BEC425E3387700AB8314 /* PBXTargetDependency */ = {
			isa = PBXTargetDependency;
			target = 2821BEAB25E3386F00AB8314 /* Prework */;
			targetProxy = 2821BEC325E3387700AB8314 /* PBXContainerItemProxy */;
		};
		2821BECF25E3387700AB8314 /* PBXTargetDependency */ = {
			isa = PBXTargetDependency;
			target = 2821BEAB25E3386F00AB8314 /* Prework */;
			targetProxy = 2821BECE25E3387700AB8314 /* PBXContainerItemProxy */;
		};
/* End PBXTargetDependency section */

/* Begin PBXVariantGroup section */
		2821BEB525E3386F00AB8314 /* Main.storyboard */ = {
			isa = PBXVariantGroup;
			children = (
				2821BEB625E3386F00AB8314 /* Base */,
			);
			name = Main.storyboard;
			sourceTree = "<group>";
		};
		2821BEBA25E3387700AB8314 /* LaunchScreen.storyboard */ = {
			isa = PBXVariantGroup;
			children = (
				2821BEBB25E3387700AB8314 /* Base */,
			);
			name = LaunchScreen.storyboard;
			sourceTree = "<group>";
		};
/* End PBXVariantGroup section */

/* Begin XCBuildConfiguration section */
		2821BED425E3387700AB8314 /* Debug */ = {
			isa = XCBuildConfiguration;
			buildSettings = {
				ALWAYS_SEARCH_USER_PATHS = NO;
				CLANG_ANALYZER_NONNULL = YES;
				CLANG_ANALYZER_NUMBER_OBJECT_CONVERSION = YES_AGGRESSIVE;
				CLANG_CXX_LANGUAGE_STANDARD = "gnu++14";
				CLANG_CXX_LIBRARY = "libc++";
				CLANG_ENABLE_MODULES = YES;
				CLANG_ENABLE_OBJC_ARC = YES;
				CLANG_ENABLE_OBJC_WEAK = YES;
				CLANG_WARN_BLOCK_CAPTURE_AUTORELEASING = YES;
				CLANG_WARN_BOOL_CONVERSION = YES;
				CLANG_WARN_COMMA = YES;
				CLANG_WARN_CONSTANT_CONVERSION = YES;
				CLANG_WARN_DEPRECATED_OBJC_IMPLEMENTATIONS = YES;
				CLANG_WARN_DIRECT_OBJC_ISA_USAGE = YES_ERROR;
				CLANG_WARN_DOCUMENTATION_COMMENTS = YES;
				CLANG_WARN_EMPTY_BODY = YES;
				CLANG_WARN_ENUM_CONVERSION = YES;
				CLANG_WARN_INFINITE_RECURSION = YES;
				CLANG_WARN_INT_CONVERSION = YES;
				CLANG_WARN_NON_LITERAL_NULL_CONVERSION = YES;
				CLANG_WARN_OBJC_IMPLICIT_RETAIN_SELF = YES;
				CLANG_WARN_OBJC_LITERAL_CONVERSION = YES;
				CLANG_WARN_OBJC_ROOT_CLASS = YES_ERROR;
				CLANG_WARN_QUOTED_INCLUDE_IN_FRAMEWORK_HEADER = YES;
				CLANG_WARN_RANGE_LOOP_ANALYSIS = YES;
				CLANG_WARN_STRICT_PROTOTYPES = YES;
				CLANG_WARN_SUSPICIOUS_MOVE = YES;
				CLANG_WARN_UNGUARDED_AVAILABILITY = YES_AGGRESSIVE;
				CLANG_WARN_UNREACHABLE_CODE = YES;
				CLANG_WARN__DUPLICATE_METHOD_MATCH = YES;
				COPY_PHASE_STRIP = NO;
				DEBUG_INFORMATION_FORMAT = dwarf;
				ENABLE_STRICT_OBJC_MSGSEND = YES;
				ENABLE_TESTABILITY = YES;
				GCC_C_LANGUAGE_STANDARD = gnu11;
				GCC_DYNAMIC_NO_PIC = NO;
				GCC_NO_COMMON_BLOCKS = YES;
				GCC_OPTIMIZATION_LEVEL = 0;
				GCC_PREPROCESSOR_DEFINITIONS = (
					"DEBUG=1",
					"$(inherited)",
				);
				GCC_WARN_64_TO_32_BIT_CONVERSION = YES;
				GCC_WARN_ABOUT_RETURN_TYPE = YES_ERROR;
				GCC_WARN_UNDECLARED_SELECTOR = YES;
				GCC_WARN_UNINITIALIZED_AUTOS = YES_AGGRESSIVE;
				GCC_WARN_UNUSED_FUNCTION = YES;
				GCC_WARN_UNUSED_VARIABLE = YES;
				IPHONEOS_DEPLOYMENT_TARGET = 14.3;
				MTL_ENABLE_DEBUG_INFO = INCLUDE_SOURCE;
				MTL_FAST_MATH = YES;
				ONLY_ACTIVE_ARCH = YES;
				SDKROOT = iphoneos;
				SWIFT_ACTIVE_COMPILATION_CONDITIONS = DEBUG;
				SWIFT_OPTIMIZATION_LEVEL = "-Onone";
			};
			name = Debug;
		};
		2821BED525E3387700AB8314 /* Release */ = {
			isa = XCBuildConfiguration;
			buildSettings = {
				ALWAYS_SEARCH_USER_PATHS = NO;
				CLANG_ANALYZER_NONNULL = YES;
				CLANG_ANALYZER_NUMBER_OBJECT_CONVERSION = YES_AGGRESSIVE;
				CLANG_CXX_LANGUAGE_STANDARD = "gnu++14";
				CLANG_CXX_LIBRARY = "libc++";
				CLANG_ENABLE_MODULES = YES;
				CLANG_ENABLE_OBJC_ARC = YES;
				CLANG_ENABLE_OBJC_WEAK = YES;
				CLANG_WARN_BLOCK_CAPTURE_AUTORELEASING = YES;
				CLANG_WARN_BOOL_CONVERSION = YES;
				CLANG_WARN_COMMA = YES;
				CLANG_WARN_CONSTANT_CONVERSION = YES;
				CLANG_WARN_DEPRECATED_OBJC_IMPLEMENTATIONS = YES;
				CLANG_WARN_DIRECT_OBJC_ISA_USAGE = YES_ERROR;
				CLANG_WARN_DOCUMENTATION_COMMENTS = YES;
				CLANG_WARN_EMPTY_BODY = YES;
				CLANG_WARN_ENUM_CONVERSION = YES;
				CLANG_WARN_INFINITE_RECURSION = YES;
				CLANG_WARN_INT_CONVERSION = YES;
				CLANG_WARN_NON_LITERAL_NULL_CONVERSION = YES;
				CLANG_WARN_OBJC_IMPLICIT_RETAIN_SELF = YES;
				CLANG_WARN_OBJC_LITERAL_CONVERSION = YES;
				CLANG_WARN_OBJC_ROOT_CLASS = YES_ERROR;
				CLANG_WARN_QUOTED_INCLUDE_IN_FRAMEWORK_HEADER = YES;
				CLANG_WARN_RANGE_LOOP_ANALYSIS = YES;
				CLANG_WARN_STRICT_PROTOTYPES = YES;
				CLANG_WARN_SUSPICIOUS_MOVE = YES;
				CLANG_WARN_UNGUARDED_AVAILABILITY = YES_AGGRESSIVE;
				CLANG_WARN_UNREACHABLE_CODE = YES;
				CLANG_WARN__DUPLICATE_METHOD_MATCH = YES;
				COPY_PHASE_STRIP = NO;
				DEBUG_INFORMATION_FORMAT = "dwarf-with-dsym";
				ENABLE_NS_ASSERTIONS = NO;
				ENABLE_STRICT_OBJC_MSGSEND = YES;
				GCC_C_LANGUAGE_STANDARD = gnu11;
				GCC_NO_COMMON_BLOCKS = YES;
				GCC_WARN_64_TO_32_BIT_CONVERSION = YES;
				GCC_WARN_ABOUT_RETURN_TYPE = YES_ERROR;
				GCC_WARN_UNDECLARED_SELECTOR = YES;
				GCC_WARN_UNINITIALIZED_AUTOS = YES_AGGRESSIVE;
				GCC_WARN_UNUSED_FUNCTION = YES;
				GCC_WARN_UNUSED_VARIABLE = YES;
				IPHONEOS_DEPLOYMENT_TARGET = 14.3;
				MTL_ENABLE_DEBUG_INFO = NO;
				MTL_FAST_MATH = YES;
				SDKROOT = iphoneos;
				SWIFT_COMPILATION_MODE = wholemodule;
				SWIFT_OPTIMIZATION_LEVEL = "-O";
				VALIDATE_PRODUCT = YES;
			};
			name = Release;
		};
		2821BED725E3387700AB8314 /* Debug */ = {
			isa = XCBuildConfiguration;
			buildSettings = {
				ASSETCATALOG_COMPILER_APPICON_NAME = AppIcon;
				ASSETCATALOG_COMPILER_GLOBAL_ACCENT_COLOR_NAME = AccentColor;
				CODE_SIGN_STYLE = Automatic;
				DEVELOPMENT_TEAM = ZW23S39DT8;
				INFOPLIST_FILE = Prework/Info.plist;
				LD_RUNPATH_SEARCH_PATHS = (
					"$(inherited)",
					"@executable_path/Frameworks",
				);
				PRODUCT_BUNDLE_IDENTIFIER = com.EfazAhmed.Prework;
				PRODUCT_NAME = "$(TARGET_NAME)";
				SWIFT_VERSION = 5.0;
				TARGETED_DEVICE_FAMILY = "1,2";
			};
			name = Debug;
		};
		2821BED825E3387700AB8314 /* Release */ = {
			isa = XCBuildConfiguration;
			buildSettings = {
				ASSETCATALOG_COMPILER_APPICON_NAME = AppIcon;
				ASSETCATALOG_COMPILER_GLOBAL_ACCENT_COLOR_NAME = AccentColor;
				CODE_SIGN_STYLE = Automatic;
				DEVELOPMENT_TEAM = ZW23S39DT8;
				INFOPLIST_FILE = Prework/Info.plist;
				LD_RUNPATH_SEARCH_PATHS = (
					"$(inherited)",
					"@executable_path/Frameworks",
				);
				PRODUCT_BUNDLE_IDENTIFIER = com.EfazAhmed.Prework;
				PRODUCT_NAME = "$(TARGET_NAME)";
				SWIFT_VERSION = 5.0;
				TARGETED_DEVICE_FAMILY = "1,2";
			};
			name = Release;
		};
		2821BEDA25E3387700AB8314 /* Debug */ = {
			isa = XCBuildConfiguration;
			buildSettings = {
				ALWAYS_EMBED_SWIFT_STANDARD_LIBRARIES = YES;
				BUNDLE_LOADER = "$(TEST_HOST)";
				CODE_SIGN_STYLE = Automatic;
				DEVELOPMENT_TEAM = ZW23S39DT8;
				INFOPLIST_FILE = PreworkTests/Info.plist;
				IPHONEOS_DEPLOYMENT_TARGET = 14.3;
				LD_RUNPATH_SEARCH_PATHS = (
					"$(inherited)",
					"@executable_path/Frameworks",
					"@loader_path/Frameworks",
				);
				PRODUCT_BUNDLE_IDENTIFIER = com.EfazAhmed.PreworkTests;
				PRODUCT_NAME = "$(TARGET_NAME)";
				SWIFT_VERSION = 5.0;
				TARGETED_DEVICE_FAMILY = "1,2";
				TEST_HOST = "$(BUILT_PRODUCTS_DIR)/Prework.app/Prework";
			};
			name = Debug;
		};
		2821BEDB25E3387700AB8314 /* Release */ = {
			isa = XCBuildConfiguration;
			buildSettings = {
				ALWAYS_EMBED_SWIFT_STANDARD_LIBRARIES = YES;
				BUNDLE_LOADER = "$(TEST_HOST)";
				CODE_SIGN_STYLE = Automatic;
				DEVELOPMENT_TEAM = ZW23S39DT8;
				INFOPLIST_FILE = PreworkTests/Info.plist;
				IPHONEOS_DEPLOYMENT_TARGET = 14.3;
				LD_RUNPATH_SEARCH_PATHS = (
					"$(inherited)",
					"@executable_path/Frameworks",
					"@loader_path/Frameworks",
				);
				PRODUCT_BUNDLE_IDENTIFIER = com.EfazAhmed.PreworkTests;
				PRODUCT_NAME = "$(TARGET_NAME)";
				SWIFT_VERSION = 5.0;
				TARGETED_DEVICE_FAMILY = "1,2";
				TEST_HOST = "$(BUILT_PRODUCTS_DIR)/Prework.app/Prework";
			};
			name = Release;
		};
		2821BEDD25E3387700AB8314 /* Debug */ = {
			isa = XCBuildConfiguration;
			buildSettings = {
				ALWAYS_EMBED_SWIFT_STANDARD_LIBRARIES = YES;
				CODE_SIGN_STYLE = Automatic;
				DEVELOPMENT_TEAM = ZW23S39DT8;
				INFOPLIST_FILE = PreworkUITests/Info.plist;
				LD_RUNPATH_SEARCH_PATHS = (
					"$(inherited)",
					"@executable_path/Frameworks",
					"@loader_path/Frameworks",
				);
				PRODUCT_BUNDLE_IDENTIFIER = com.EfazAhmed.PreworkUITests;
				PRODUCT_NAME = "$(TARGET_NAME)";
				SWIFT_VERSION = 5.0;
				TARGETED_DEVICE_FAMILY = "1,2";
				TEST_TARGET_NAME = Prework;
			};
			name = Debug;
		};
		2821BEDE25E3387700AB8314 /* Release */ = {
			isa = XCBuildConfiguration;
			buildSettings = {
				ALWAYS_EMBED_SWIFT_STANDARD_LIBRARIES = YES;
				CODE_SIGN_STYLE = Automatic;
				DEVELOPMENT_TEAM = ZW23S39DT8;
				INFOPLIST_FILE = PreworkUITests/Info.plist;
				LD_RUNPATH_SEARCH_PATHS = (
					"$(inherited)",
					"@executable_path/Frameworks",
					"@loader_path/Frameworks",
				);
				PRODUCT_BUNDLE_IDENTIFIER = com.EfazAhmed.PreworkUITests;
				PRODUCT_NAME = "$(TARGET_NAME)";
				SWIFT_VERSION = 5.0;
				TARGETED_DEVICE_FAMILY = "1,2";
				TEST_TARGET_NAME = Prework;
			};
			name = Release;
		};
/* End XCBuildConfiguration section */

/* Begin XCConfigurationList section */
		2821BEA725E3386E00AB8314 /* Build configuration list for PBXProject "Prework" */ = {
			isa = XCConfigurationList;
			buildConfigurations = (
				2821BED425E3387700AB8314 /* Debug */,
				2821BED525E3387700AB8314 /* Release */,
			);
			defaultConfigurationIsVisible = 0;
			defaultConfigurationName = Release;
		};
		2821BED625E3387700AB8314 /* Build configuration list for PBXNativeTarget "Prework" */ = {
			isa = XCConfigurationList;
			buildConfigurations = (
				2821BED725E3387700AB8314 /* Debug */,
				2821BED825E3387700AB8314 /* Release */,
			);
			defaultConfigurationIsVisible = 0;
			defaultConfigurationName = Release;
		};
		2821BED925E3387700AB8314 /* Build configuration list for PBXNativeTarget "PreworkTests" */ = {
			isa = XCConfigurationList;
			buildConfigurations = (
				2821BEDA25E3387700AB8314 /* Debug */,
				2821BEDB25E3387700AB8314 /* Release */,
			);
			defaultConfigurationIsVisible = 0;
			defaultConfigurationName = Release;
		};
		2821BEDC25E3387700AB8314 /* Build configuration list for PBXNativeTarget "PreworkUITests" */ = {
			isa = XCConfigurationList;
			buildConfigurations = (
				2821BEDD25E3387700AB8314 /* Debug */,
				2821BEDE25E3387700AB8314 /* Release */,
			);
			defaultConfigurationIsVisible = 0;
			defaultConfigurationName = Release;
		};
/* End XCConfigurationList section */
	};
	rootObject = 2821BEA425E3386E00AB8314 /* Project object */;
}
